// !$*UTF8*$!
{
	archiveVersion = 1;
	classes = {
	};
	objectVersion = 46;
	objects = {

/* Begin PBXBuildFile section */
		9902003718A93E080039AFCC /* icon-cast-connected.png in Resources */ = {isa = PBXBuildFile; fileRef = 9902003318A93E080039AFCC /* icon-cast-connected.png */; };
		9902003818A93E080039AFCC /* icon-cast-connected@2x.png in Resources */ = {isa = PBXBuildFile; fileRef = 9902003418A93E080039AFCC /* icon-cast-connected@2x.png */; };
		9902003918A93E080039AFCC /* icon-cast-identified.png in Resources */ = {isa = PBXBuildFile; fileRef = 9902003518A93E080039AFCC /* icon-cast-identified.png */; };
		9902003A18A93E080039AFCC /* icon-cast-identified@2x.png in Resources */ = {isa = PBXBuildFile; fileRef = 9902003618A93E080039AFCC /* icon-cast-identified@2x.png */; };
		991382CA18A74639009862EA /* Foundation.framework in Frameworks */ = {isa = PBXBuildFile; fileRef = 991382C918A74639009862EA /* Foundation.framework */; };
		991382CC18A74639009862EA /* CoreGraphics.framework in Frameworks */ = {isa = PBXBuildFile; fileRef = 991382CB18A74639009862EA /* CoreGraphics.framework */; };
		991382CE18A74639009862EA /* UIKit.framework in Frameworks */ = {isa = PBXBuildFile; fileRef = 991382CD18A74639009862EA /* UIKit.framework */; };
		991382D418A74639009862EA /* InfoPlist.strings in Resources */ = {isa = PBXBuildFile; fileRef = 991382D218A74639009862EA /* InfoPlist.strings */; };
		991382D618A74639009862EA /* main.m in Sources */ = {isa = PBXBuildFile; fileRef = 991382D518A74639009862EA /* main.m */; };
		991382DA18A74639009862EA /* AppDelegate.m in Sources */ = {isa = PBXBuildFile; fileRef = 991382D918A74639009862EA /* AppDelegate.m */; };
		991382DC18A74639009862EA /* Images.xcassets in Resources */ = {isa = PBXBuildFile; fileRef = 991382DB18A74639009862EA /* Images.xcassets */; };
		991382E318A74639009862EA /* XCTest.framework in Frameworks */ = {isa = PBXBuildFile; fileRef = 991382E218A74639009862EA /* XCTest.framework */; };
		991382E418A74639009862EA /* Foundation.framework in Frameworks */ = {isa = PBXBuildFile; fileRef = 991382C918A74639009862EA /* Foundation.framework */; };
		991382E518A74639009862EA /* UIKit.framework in Frameworks */ = {isa = PBXBuildFile; fileRef = 991382CD18A74639009862EA /* UIKit.framework */; };
		991382ED18A74639009862EA /* InfoPlist.strings in Resources */ = {isa = PBXBuildFile; fileRef = 991382EB18A74639009862EA /* InfoPlist.strings */; };
		991382EF18A74639009862EA /* PictureCastTests.m in Sources */ = {isa = PBXBuildFile; fileRef = 991382EE18A74639009862EA /* PictureCastTests.m */; };
		991382F918A7464E009862EA /* Storyboard.storyboard in Resources */ = {isa = PBXBuildFile; fileRef = 991382F818A7464E009862EA /* Storyboard.storyboard */; };
		991382FC18A746BC009862EA /* PictureCast.m in Sources */ = {isa = PBXBuildFile; fileRef = 991382FB18A746BC009862EA /* PictureCast.m */; };
		991382FE18A7473B009862EA /* GoogleCast.framework in Frameworks */ = {isa = PBXBuildFile; fileRef = 991382FD18A7473B009862EA /* GoogleCast.framework */; };
		9913830018A74749009862EA /* AVFoundation.framework in Frameworks */ = {isa = PBXBuildFile; fileRef = 991382FF18A74749009862EA /* AVFoundation.framework */; };
		992044A018B69310005748DA /* ELCAlbumPickerController.m in Sources */ = {isa = PBXBuildFile; fileRef = 9920448F18B69310005748DA /* ELCAlbumPickerController.m */; };
		992044A118B69310005748DA /* ELCAsset.m in Sources */ = {isa = PBXBuildFile; fileRef = 9920449118B69310005748DA /* ELCAsset.m */; };
		992044A218B69310005748DA /* ELCAssetCell.m in Sources */ = {isa = PBXBuildFile; fileRef = 9920449318B69310005748DA /* ELCAssetCell.m */; };
		992044A318B69310005748DA /* ELCAssetTablePicker.m in Sources */ = {isa = PBXBuildFile; fileRef = 9920449718B69310005748DA /* ELCAssetTablePicker.m */; };
		992044A418B69310005748DA /* ELCImagePickerController.m in Sources */ = {isa = PBXBuildFile; fileRef = 9920449918B69310005748DA /* ELCImagePickerController.m */; };
		992044A518B69310005748DA /* ELCAlbumPickerController.xib in Resources */ = {isa = PBXBuildFile; fileRef = 9920449B18B69310005748DA /* ELCAlbumPickerController.xib */; };
		992044A618B69310005748DA /* ELCAssetPicker.xib in Resources */ = {isa = PBXBuildFile; fileRef = 9920449C18B69310005748DA /* ELCAssetPicker.xib */; };
		992044A718B69310005748DA /* ELCAssetTablePicker.xib in Resources */ = {isa = PBXBuildFile; fileRef = 9920449D18B69310005748DA /* ELCAssetTablePicker.xib */; };
		992044A818B69310005748DA /* Overlay.png in Resources */ = {isa = PBXBuildFile; fileRef = 9920449E18B69310005748DA /* Overlay.png */; };
		992044A918B69310005748DA /* Overlay@2x.png in Resources */ = {isa = PBXBuildFile; fileRef = 9920449F18B69310005748DA /* Overlay@2x.png */; };
		992044AC18B696C5005748DA /* SlideshowMain.m in Sources */ = {isa = PBXBuildFile; fileRef = 992044AB18B696C5005748DA /* SlideshowMain.m */; };
		9929E89F18B6F08E0078749E /* PlaySlideshow.m in Sources */ = {isa = PBXBuildFile; fileRef = 9929E89E18B6F08E0078749E /* PlaySlideshow.m */; };
		9932D8A218E11D7D0061A90E /* SWRevealViewController.m in Sources */ = {isa = PBXBuildFile; fileRef = 9932D8A118E11D7D0061A90E /* SWRevealViewController.m */; };
		9932D8A518E12C990061A90E /* RearMenu.m in Sources */ = {isa = PBXBuildFile; fileRef = 9932D8A418E12C990061A90E /* RearMenu.m */; };
		9932D8A818E12F730061A90E /* Home.m in Sources */ = {isa = PBXBuildFile; fileRef = 9932D8A718E12F730061A90E /* Home.m */; };
		9932D8AE18E156D40061A90E /* reveal-icon.png in Resources */ = {isa = PBXBuildFile; fileRef = 9932D8AC18E156D40061A90E /* reveal-icon.png */; };
		9932D8AF18E156D40061A90E /* reveal-icon@2x.png in Resources */ = {isa = PBXBuildFile; fileRef = 9932D8AD18E156D40061A90E /* reveal-icon@2x.png */; };
		9937249B18B3D9D900733A89 /* pictureOps.m in Sources */ = {isa = PBXBuildFile; fileRef = 9937249A18B3D9D900733A89 /* pictureOps.m */; };
		996CCD0F18B45F96007E5548 /* MainMenu.m in Sources */ = {isa = PBXBuildFile; fileRef = 996CCD0E18B45F96007E5548 /* MainMenu.m */; };
		9987E56E18D25D4E001E4601 /* BrushSettings.m in Sources */ = {isa = PBXBuildFile; fileRef = 9987E56D18D25D4E001E4601 /* BrushSettings.m */; };
		9987E57718D25FE9001E4601 /* Blue.png in Resources */ = {isa = PBXBuildFile; fileRef = 9987E57418D25FE9001E4601 /* Blue.png */; };
		9987E57818D25FE9001E4601 /* Green.png in Resources */ = {isa = PBXBuildFile; fileRef = 9987E57518D25FE9001E4601 /* Green.png */; };
		9987E57918D25FE9001E4601 /* Red.png in Resources */ = {isa = PBXBuildFile; fileRef = 9987E57618D25FE9001E4601 /* Red.png */; };
		9987E57B18D2603E001E4601 /* Black.png in Resources */ = {isa = PBXBuildFile; fileRef = 9987E57A18D2603E001E4601 /* Black.png */; };
		998DEDA318DF4A2600CD1719 /* joinSlideshow.m in Sources */ = {isa = PBXBuildFile; fileRef = 998DEDA218DF4A2600CD1719 /* joinSlideshow.m */; };
		998DEDA618DF4C9D00CD1719 /* User.m in Sources */ = {isa = PBXBuildFile; fileRef = 998DEDA518DF4C9D00CD1719 /* User.m */; };
		998DEDAB18DF69B800CD1719 /* CBAlertView.m in Sources */ = {isa = PBXBuildFile; fileRef = 998DEDAA18DF69B800CD1719 /* CBAlertView.m */; };
		998DEDAE18DFC50000CD1719 /* PeerSlideshow.m in Sources */ = {isa = PBXBuildFile; fileRef = 998DEDAD18DFC50000CD1719 /* PeerSlideshow.m */; };
		99A3AB6518C0DA2C003E3F2B /* SettingsVC.m in Sources */ = {isa = PBXBuildFile; fileRef = 99A3AB6418C0DA2C003E3F2B /* SettingsVC.m */; };
		99F864F618A9D01100952004 /* DDData.m in Sources */ = {isa = PBXBuildFile; fileRef = 99F864D118A9D01100952004 /* DDData.m */; };
		99F864F718A9D01100952004 /* DDNumber.m in Sources */ = {isa = PBXBuildFile; fileRef = 99F864D318A9D01100952004 /* DDNumber.m */; };
		99F864F818A9D01100952004 /* DDRange.m in Sources */ = {isa = PBXBuildFile; fileRef = 99F864D518A9D01100952004 /* DDRange.m */; };
		99F864F918A9D01100952004 /* HTTPAuthenticationRequest.m in Sources */ = {isa = PBXBuildFile; fileRef = 99F864D718A9D01100952004 /* HTTPAuthenticationRequest.m */; };
		99F864FA18A9D01100952004 /* HTTPConnection.m in Sources */ = {isa = PBXBuildFile; fileRef = 99F864D918A9D01100952004 /* HTTPConnection.m */; };
		99F864FB18A9D01100952004 /* HTTPMessage.m in Sources */ = {isa = PBXBuildFile; fileRef = 99F864DC18A9D01100952004 /* HTTPMessage.m */; };
		99F864FC18A9D01100952004 /* HTTPServer.m in Sources */ = {isa = PBXBuildFile; fileRef = 99F864DF18A9D01100952004 /* HTTPServer.m */; };
		99F864FD18A9D01100952004 /* MultipartFormDataParser.m in Sources */ = {isa = PBXBuildFile; fileRef = 99F864E218A9D01100952004 /* MultipartFormDataParser.m */; };
		99F864FE18A9D01100952004 /* MultipartMessageHeader.m in Sources */ = {isa = PBXBuildFile; fileRef = 99F864E418A9D01100952004 /* MultipartMessageHeader.m */; };
		99F864FF18A9D01100952004 /* MultipartMessageHeaderField.m in Sources */ = {isa = PBXBuildFile; fileRef = 99F864E618A9D01100952004 /* MultipartMessageHeaderField.m */; };
		99F8650018A9D01100952004 /* HTTPAsyncFileResponse.m in Sources */ = {isa = PBXBuildFile; fileRef = 99F864E918A9D01100952004 /* HTTPAsyncFileResponse.m */; };
		99F8650118A9D01100952004 /* HTTPDataResponse.m in Sources */ = {isa = PBXBuildFile; fileRef = 99F864EB18A9D01100952004 /* HTTPDataResponse.m */; };
		99F8650218A9D01100952004 /* HTTPDynamicFileResponse.m in Sources */ = {isa = PBXBuildFile; fileRef = 99F864ED18A9D01100952004 /* HTTPDynamicFileResponse.m */; };
		99F8650318A9D01100952004 /* HTTPErrorResponse.m in Sources */ = {isa = PBXBuildFile; fileRef = 99F864EF18A9D01100952004 /* HTTPErrorResponse.m */; };
		99F8650418A9D01100952004 /* HTTPFileResponse.m in Sources */ = {isa = PBXBuildFile; fileRef = 99F864F118A9D01100952004 /* HTTPFileResponse.m */; };
		99F8650518A9D01100952004 /* HTTPRedirectResponse.m in Sources */ = {isa = PBXBuildFile; fileRef = 99F864F318A9D01100952004 /* HTTPRedirectResponse.m */; };
		99F8650618A9D01100952004 /* WebSocket.m in Sources */ = {isa = PBXBuildFile; fileRef = 99F864F518A9D01100952004 /* WebSocket.m */; };
		99F8651918A9D16C00952004 /* DDAbstractDatabaseLogger.m in Sources */ = {isa = PBXBuildFile; fileRef = 99F8650A18A9D16C00952004 /* DDAbstractDatabaseLogger.m */; };
		99F8651A18A9D16C00952004 /* DDASLLogger.m in Sources */ = {isa = PBXBuildFile; fileRef = 99F8650C18A9D16C00952004 /* DDASLLogger.m */; };
		99F8651B18A9D16C00952004 /* DDFileLogger.m in Sources */ = {isa = PBXBuildFile; fileRef = 99F8650E18A9D16C00952004 /* DDFileLogger.m */; };
		99F8651C18A9D16C00952004 /* DDLog.m in Sources */ = {isa = PBXBuildFile; fileRef = 99F8651018A9D16C00952004 /* DDLog.m */; };
		99F8651D18A9D16C00952004 /* DDTTYLogger.m in Sources */ = {isa = PBXBuildFile; fileRef = 99F8651218A9D16C00952004 /* DDTTYLogger.m */; };
		99F8651E18A9D16C00952004 /* ContextFilterLogFormatter.m in Sources */ = {isa = PBXBuildFile; fileRef = 99F8651518A9D16C00952004 /* ContextFilterLogFormatter.m */; };
		99F8651F18A9D16C00952004 /* DispatchQueueLogFormatter.m in Sources */ = {isa = PBXBuildFile; fileRef = 99F8651718A9D16C00952004 /* DispatchQueueLogFormatter.m */; };
		99F8652018A9D16C00952004 /* README.txt in Resources */ = {isa = PBXBuildFile; fileRef = 99F8651818A9D16C00952004 /* README.txt */; };
		99F8652418A9D17100952004 /* GCDAsyncSocket.m in Sources */ = {isa = PBXBuildFile; fileRef = 99F8652318A9D17100952004 /* GCDAsyncSocket.m */; };
		99FC209518D67285006ADEB2 /* SettingsTableVC.m in Sources */ = {isa = PBXBuildFile; fileRef = 99FC209418D67285006ADEB2 /* SettingsTableVC.m */; };
/* End PBXBuildFile section */

/* Begin PBXContainerItemProxy section */
		991382E618A74639009862EA /* PBXContainerItemProxy */ = {
			isa = PBXContainerItemProxy;
			containerPortal = 991382BE18A74638009862EA /* Project object */;
			proxyType = 1;
			remoteGlobalIDString = 991382C518A74638009862EA;
			remoteInfo = PictureCast;
		};
/* End PBXContainerItemProxy section */

/* Begin PBXFileReference section */
		9902003318A93E080039AFCC /* icon-cast-connected.png */ = {isa = PBXFileReference; lastKnownFileType = image.png; path = "icon-cast-connected.png"; sourceTree = "<group>"; };
		9902003418A93E080039AFCC /* icon-cast-connected@2x.png */ = {isa = PBXFileReference; lastKnownFileType = image.png; path = "icon-cast-connected@2x.png"; sourceTree = "<group>"; };
		9902003518A93E080039AFCC /* icon-cast-identified.png */ = {isa = PBXFileReference; lastKnownFileType = image.png; path = "icon-cast-identified.png"; sourceTree = "<group>"; };
		9902003618A93E080039AFCC /* icon-cast-identified@2x.png */ = {isa = PBXFileReference; lastKnownFileType = image.png; path = "icon-cast-identified@2x.png"; sourceTree = "<group>"; };
		991382C618A74639009862EA /* MediaCast.app */ = {isa = PBXFileReference; explicitFileType = wrapper.application; includeInIndex = 0; path = MediaCast.app; sourceTree = BUILT_PRODUCTS_DIR; };
		991382C918A74639009862EA /* Foundation.framework */ = {isa = PBXFileReference; lastKnownFileType = wrapper.framework; name = Foundation.framework; path = System/Library/Frameworks/Foundation.framework; sourceTree = SDKROOT; };
		991382CB18A74639009862EA /* CoreGraphics.framework */ = {isa = PBXFileReference; lastKnownFileType = wrapper.framework; name = CoreGraphics.framework; path = System/Library/Frameworks/CoreGraphics.framework; sourceTree = SDKROOT; };
		991382CD18A74639009862EA /* UIKit.framework */ = {isa = PBXFileReference; lastKnownFileType = wrapper.framework; name = UIKit.framework; path = System/Library/Frameworks/UIKit.framework; sourceTree = SDKROOT; };
		991382D118A74639009862EA /* MediaCast-Info.plist */ = {isa = PBXFileReference; lastKnownFileType = text.plist.xml; path = "MediaCast-Info.plist"; sourceTree = "<group>"; };
		991382D318A74639009862EA /* en */ = {isa = PBXFileReference; lastKnownFileType = text.plist.strings; name = en; path = en.lproj/InfoPlist.strings; sourceTree = "<group>"; };
		991382D518A74639009862EA /* main.m */ = {isa = PBXFileReference; lastKnownFileType = sourcecode.c.objc; path = main.m; sourceTree = "<group>"; };
		991382D718A74639009862EA /* MediaCast-Prefix.pch */ = {isa = PBXFileReference; lastKnownFileType = sourcecode.c.h; path = "MediaCast-Prefix.pch"; sourceTree = "<group>"; };
		991382D818A74639009862EA /* AppDelegate.h */ = {isa = PBXFileReference; lastKnownFileType = sourcecode.c.h; path = AppDelegate.h; sourceTree = "<group>"; };
		991382D918A74639009862EA /* AppDelegate.m */ = {isa = PBXFileReference; lastKnownFileType = sourcecode.c.objc; path = AppDelegate.m; sourceTree = "<group>"; };
		991382DB18A74639009862EA /* Images.xcassets */ = {isa = PBXFileReference; lastKnownFileType = folder.assetcatalog; path = Images.xcassets; sourceTree = "<group>"; };
		991382E118A74639009862EA /* MediaCastTests.xctest */ = {isa = PBXFileReference; explicitFileType = wrapper.cfbundle; includeInIndex = 0; path = MediaCastTests.xctest; sourceTree = BUILT_PRODUCTS_DIR; };
		991382E218A74639009862EA /* XCTest.framework */ = {isa = PBXFileReference; lastKnownFileType = wrapper.framework; name = XCTest.framework; path = Library/Frameworks/XCTest.framework; sourceTree = DEVELOPER_DIR; };
		991382EA18A74639009862EA /* MediaCastTests-Info.plist */ = {isa = PBXFileReference; lastKnownFileType = text.plist.xml; path = "MediaCastTests-Info.plist"; sourceTree = "<group>"; };
		991382EC18A74639009862EA /* en */ = {isa = PBXFileReference; lastKnownFileType = text.plist.strings; name = en; path = en.lproj/InfoPlist.strings; sourceTree = "<group>"; };
		991382EE18A74639009862EA /* PictureCastTests.m */ = {isa = PBXFileReference; lastKnownFileType = sourcecode.c.objc; name = PictureCastTests.m; path = PictureCastTests/PictureCastTests.m; sourceTree = "<group>"; };
		991382F818A7464E009862EA /* Storyboard.storyboard */ = {isa = PBXFileReference; fileEncoding = 4; lastKnownFileType = file.storyboard; path = Storyboard.storyboard; sourceTree = "<group>"; };
		991382FA18A746BC009862EA /* PictureCast.h */ = {isa = PBXFileReference; fileEncoding = 4; lastKnownFileType = sourcecode.c.h; path = PictureCast.h; sourceTree = "<group>"; };
		991382FB18A746BC009862EA /* PictureCast.m */ = {isa = PBXFileReference; fileEncoding = 4; lastKnownFileType = sourcecode.c.objc; path = PictureCast.m; sourceTree = "<group>"; };
		991382FD18A7473B009862EA /* GoogleCast.framework */ = {isa = PBXFileReference; lastKnownFileType = wrapper.framework; path = GoogleCast.framework; sourceTree = "<group>"; };
		991382FF18A74749009862EA /* AVFoundation.framework */ = {isa = PBXFileReference; lastKnownFileType = wrapper.framework; name = AVFoundation.framework; path = System/Library/Frameworks/AVFoundation.framework; sourceTree = SDKROOT; };
		9920448E18B69310005748DA /* ELCAlbumPickerController.h */ = {isa = PBXFileReference; fileEncoding = 4; lastKnownFileType = sourcecode.c.h; path = ELCAlbumPickerController.h; sourceTree = "<group>"; };
		9920448F18B69310005748DA /* ELCAlbumPickerController.m */ = {isa = PBXFileReference; fileEncoding = 4; lastKnownFileType = sourcecode.c.objc; path = ELCAlbumPickerController.m; sourceTree = "<group>"; };
		9920449018B69310005748DA /* ELCAsset.h */ = {isa = PBXFileReference; fileEncoding = 4; lastKnownFileType = sourcecode.c.h; path = ELCAsset.h; sourceTree = "<group>"; };
		9920449118B69310005748DA /* ELCAsset.m */ = {isa = PBXFileReference; fileEncoding = 4; lastKnownFileType = sourcecode.c.objc; path = ELCAsset.m; sourceTree = "<group>"; };
		9920449218B69310005748DA /* ELCAssetCell.h */ = {isa = PBXFileReference; fileEncoding = 4; lastKnownFileType = sourcecode.c.h; path = ELCAssetCell.h; sourceTree = "<group>"; };
		9920449318B69310005748DA /* ELCAssetCell.m */ = {isa = PBXFileReference; fileEncoding = 4; lastKnownFileType = sourcecode.c.objc; path = ELCAssetCell.m; sourceTree = "<group>"; };
		9920449418B69310005748DA /* ELCAssetPickerFilterDelegate.h */ = {isa = PBXFileReference; fileEncoding = 4; lastKnownFileType = sourcecode.c.h; path = ELCAssetPickerFilterDelegate.h; sourceTree = "<group>"; };
		9920449518B69310005748DA /* ELCAssetSelectionDelegate.h */ = {isa = PBXFileReference; fileEncoding = 4; lastKnownFileType = sourcecode.c.h; path = ELCAssetSelectionDelegate.h; sourceTree = "<group>"; };
		9920449618B69310005748DA /* ELCAssetTablePicker.h */ = {isa = PBXFileReference; fileEncoding = 4; lastKnownFileType = sourcecode.c.h; path = ELCAssetTablePicker.h; sourceTree = "<group>"; };
		9920449718B69310005748DA /* ELCAssetTablePicker.m */ = {isa = PBXFileReference; fileEncoding = 4; lastKnownFileType = sourcecode.c.objc; path = ELCAssetTablePicker.m; sourceTree = "<group>"; };
		9920449818B69310005748DA /* ELCImagePickerController.h */ = {isa = PBXFileReference; fileEncoding = 4; lastKnownFileType = sourcecode.c.h; path = ELCImagePickerController.h; sourceTree = "<group>"; };
		9920449918B69310005748DA /* ELCImagePickerController.m */ = {isa = PBXFileReference; fileEncoding = 4; lastKnownFileType = sourcecode.c.objc; path = ELCImagePickerController.m; sourceTree = "<group>"; };
		9920449B18B69310005748DA /* ELCAlbumPickerController.xib */ = {isa = PBXFileReference; fileEncoding = 4; lastKnownFileType = file.xib; path = ELCAlbumPickerController.xib; sourceTree = "<group>"; };
		9920449C18B69310005748DA /* ELCAssetPicker.xib */ = {isa = PBXFileReference; fileEncoding = 4; lastKnownFileType = file.xib; path = ELCAssetPicker.xib; sourceTree = "<group>"; };
		9920449D18B69310005748DA /* ELCAssetTablePicker.xib */ = {isa = PBXFileReference; fileEncoding = 4; lastKnownFileType = file.xib; path = ELCAssetTablePicker.xib; sourceTree = "<group>"; };
		9920449E18B69310005748DA /* Overlay.png */ = {isa = PBXFileReference; lastKnownFileType = image.png; path = Overlay.png; sourceTree = "<group>"; };
		9920449F18B69310005748DA /* Overlay@2x.png */ = {isa = PBXFileReference; lastKnownFileType = image.png; path = "Overlay@2x.png"; sourceTree = "<group>"; };
		992044AA18B696C5005748DA /* SlideshowMain.h */ = {isa = PBXFileReference; fileEncoding = 4; lastKnownFileType = sourcecode.c.h; name = SlideshowMain.h; path = ../SlideshowMain.h; sourceTree = "<group>"; };
		992044AB18B696C5005748DA /* SlideshowMain.m */ = {isa = PBXFileReference; fileEncoding = 4; lastKnownFileType = sourcecode.c.objc; name = SlideshowMain.m; path = ../SlideshowMain.m; sourceTree = "<group>"; };
		9929E89D18B6F08E0078749E /* PlaySlideshow.h */ = {isa = PBXFileReference; fileEncoding = 4; lastKnownFileType = sourcecode.c.h; path = PlaySlideshow.h; sourceTree = "<group>"; };
		9929E89E18B6F08E0078749E /* PlaySlideshow.m */ = {isa = PBXFileReference; fileEncoding = 4; lastKnownFileType = sourcecode.c.objc; path = PlaySlideshow.m; sourceTree = "<group>"; };
		9932D8A018E11D7D0061A90E /* SWRevealViewController.h */ = {isa = PBXFileReference; fileEncoding = 4; lastKnownFileType = sourcecode.c.h; path = SWRevealViewController.h; sourceTree = "<group>"; };
		9932D8A118E11D7D0061A90E /* SWRevealViewController.m */ = {isa = PBXFileReference; fileEncoding = 4; lastKnownFileType = sourcecode.c.objc; path = SWRevealViewController.m; sourceTree = "<group>"; };
		9932D8A318E12C990061A90E /* RearMenu.h */ = {isa = PBXFileReference; fileEncoding = 4; lastKnownFileType = sourcecode.c.h; path = RearMenu.h; sourceTree = "<group>"; };
		9932D8A418E12C990061A90E /* RearMenu.m */ = {isa = PBXFileReference; fileEncoding = 4; lastKnownFileType = sourcecode.c.objc; path = RearMenu.m; sourceTree = "<group>"; };
		9932D8A618E12F730061A90E /* Home.h */ = {isa = PBXFileReference; fileEncoding = 4; lastKnownFileType = sourcecode.c.h; path = Home.h; sourceTree = "<group>"; };
		9932D8A718E12F730061A90E /* Home.m */ = {isa = PBXFileReference; fileEncoding = 4; lastKnownFileType = sourcecode.c.objc; path = Home.m; sourceTree = "<group>"; };
		9932D8AC18E156D40061A90E /* reveal-icon.png */ = {isa = PBXFileReference; lastKnownFileType = image.png; path = "reveal-icon.png"; sourceTree = "<group>"; };
		9932D8AD18E156D40061A90E /* reveal-icon@2x.png */ = {isa = PBXFileReference; lastKnownFileType = image.png; path = "reveal-icon@2x.png"; sourceTree = "<group>"; };
		9937249918B3D9D900733A89 /* pictureOps.h */ = {isa = PBXFileReference; fileEncoding = 4; lastKnownFileType = sourcecode.c.h; path = pictureOps.h; sourceTree = "<group>"; };
		9937249A18B3D9D900733A89 /* pictureOps.m */ = {isa = PBXFileReference; fileEncoding = 4; lastKnownFileType = sourcecode.c.objc; path = pictureOps.m; sourceTree = "<group>"; };
		996CCD0D18B45F96007E5548 /* MainMenu.h */ = {isa = PBXFileReference; fileEncoding = 4; lastKnownFileType = sourcecode.c.h; name = MainMenu.h; path = ../MainMenu.h; sourceTree = "<group>"; };
		996CCD0E18B45F96007E5548 /* MainMenu.m */ = {isa = PBXFileReference; fileEncoding = 4; lastKnownFileType = sourcecode.c.objc; name = MainMenu.m; path = ../MainMenu.m; sourceTree = "<group>"; };
		9987E56C18D25D4E001E4601 /* BrushSettings.h */ = {isa = PBXFileReference; fileEncoding = 4; lastKnownFileType = sourcecode.c.h; path = BrushSettings.h; sourceTree = "<group>"; };
		9987E56D18D25D4E001E4601 /* BrushSettings.m */ = {isa = PBXFileReference; fileEncoding = 4; lastKnownFileType = sourcecode.c.objc; path = BrushSettings.m; sourceTree = "<group>"; };
		9987E57418D25FE9001E4601 /* Blue.png */ = {isa = PBXFileReference; lastKnownFileType = image.png; path = Blue.png; sourceTree = "<group>"; };
		9987E57518D25FE9001E4601 /* Green.png */ = {isa = PBXFileReference; lastKnownFileType = image.png; path = Green.png; sourceTree = "<group>"; };
		9987E57618D25FE9001E4601 /* Red.png */ = {isa = PBXFileReference; lastKnownFileType = image.png; path = Red.png; sourceTree = "<group>"; };
		9987E57A18D2603E001E4601 /* Black.png */ = {isa = PBXFileReference; lastKnownFileType = image.png; path = Black.png; sourceTree = "<group>"; };
		998DEDA118DF4A2600CD1719 /* joinSlideshow.h */ = {isa = PBXFileReference; fileEncoding = 4; lastKnownFileType = sourcecode.c.h; path = joinSlideshow.h; sourceTree = "<group>"; };
		998DEDA218DF4A2600CD1719 /* joinSlideshow.m */ = {isa = PBXFileReference; fileEncoding = 4; lastKnownFileType = sourcecode.c.objc; path = joinSlideshow.m; sourceTree = "<group>"; };
		998DEDA418DF4C9D00CD1719 /* User.h */ = {isa = PBXFileReference; fileEncoding = 4; lastKnownFileType = sourcecode.c.h; path = User.h; sourceTree = "<group>"; };
		998DEDA518DF4C9D00CD1719 /* User.m */ = {isa = PBXFileReference; fileEncoding = 4; lastKnownFileType = sourcecode.c.objc; path = User.m; sourceTree = "<group>"; };
		998DEDA718DF592200CD1719 /* libcommonCrypto.dylib */ = {isa = PBXFileReference; lastKnownFileType = "compiled.mach-o.dylib"; name = libcommonCrypto.dylib; path = usr/lib/system/libcommonCrypto.dylib; sourceTree = SDKROOT; };
		998DEDA918DF69B800CD1719 /* CBAlertView.h */ = {isa = PBXFileReference; fileEncoding = 4; lastKnownFileType = sourcecode.c.h; path = CBAlertView.h; sourceTree = "<group>"; };
		998DEDAA18DF69B800CD1719 /* CBAlertView.m */ = {isa = PBXFileReference; fileEncoding = 4; lastKnownFileType = sourcecode.c.objc; path = CBAlertView.m; sourceTree = "<group>"; };
		998DEDAC18DFC50000CD1719 /* PeerSlideshow.h */ = {isa = PBXFileReference; fileEncoding = 4; lastKnownFileType = sourcecode.c.h; path = PeerSlideshow.h; sourceTree = "<group>"; };
		998DEDAD18DFC50000CD1719 /* PeerSlideshow.m */ = {isa = PBXFileReference; fileEncoding = 4; lastKnownFileType = sourcecode.c.objc; path = PeerSlideshow.m; sourceTree = "<group>"; };
		99A3AB6318C0DA2C003E3F2B /* SettingsVC.h */ = {isa = PBXFileReference; fileEncoding = 4; lastKnownFileType = sourcecode.c.h; path = SettingsVC.h; sourceTree = "<group>"; };
		99A3AB6418C0DA2C003E3F2B /* SettingsVC.m */ = {isa = PBXFileReference; fileEncoding = 4; lastKnownFileType = sourcecode.c.objc; path = SettingsVC.m; sourceTree = "<group>"; };
		99F864D018A9D01100952004 /* DDData.h */ = {isa = PBXFileReference; fileEncoding = 4; lastKnownFileType = sourcecode.c.h; path = DDData.h; sourceTree = "<group>"; };
		99F864D118A9D01100952004 /* DDData.m */ = {isa = PBXFileReference; fileEncoding = 4; lastKnownFileType = sourcecode.c.objc; path = DDData.m; sourceTree = "<group>"; };
		99F864D218A9D01100952004 /* DDNumber.h */ = {isa = PBXFileReference; fileEncoding = 4; lastKnownFileType = sourcecode.c.h; path = DDNumber.h; sourceTree = "<group>"; };
		99F864D318A9D01100952004 /* DDNumber.m */ = {isa = PBXFileReference; fileEncoding = 4; lastKnownFileType = sourcecode.c.objc; path = DDNumber.m; sourceTree = "<group>"; };
		99F864D418A9D01100952004 /* DDRange.h */ = {isa = PBXFileReference; fileEncoding = 4; lastKnownFileType = sourcecode.c.h; path = DDRange.h; sourceTree = "<group>"; };
		99F864D518A9D01100952004 /* DDRange.m */ = {isa = PBXFileReference; fileEncoding = 4; lastKnownFileType = sourcecode.c.objc; path = DDRange.m; sourceTree = "<group>"; };
		99F864D618A9D01100952004 /* HTTPAuthenticationRequest.h */ = {isa = PBXFileReference; fileEncoding = 4; lastKnownFileType = sourcecode.c.h; path = HTTPAuthenticationRequest.h; sourceTree = "<group>"; };
		99F864D718A9D01100952004 /* HTTPAuthenticationRequest.m */ = {isa = PBXFileReference; fileEncoding = 4; lastKnownFileType = sourcecode.c.objc; path = HTTPAuthenticationRequest.m; sourceTree = "<group>"; };
		99F864D818A9D01100952004 /* HTTPConnection.h */ = {isa = PBXFileReference; fileEncoding = 4; lastKnownFileType = sourcecode.c.h; path = HTTPConnection.h; sourceTree = "<group>"; };
		99F864D918A9D01100952004 /* HTTPConnection.m */ = {isa = PBXFileReference; fileEncoding = 4; lastKnownFileType = sourcecode.c.objc; path = HTTPConnection.m; sourceTree = "<group>"; };
		99F864DA18A9D01100952004 /* HTTPLogging.h */ = {isa = PBXFileReference; fileEncoding = 4; lastKnownFileType = sourcecode.c.h; path = HTTPLogging.h; sourceTree = "<group>"; };
		99F864DB18A9D01100952004 /* HTTPMessage.h */ = {isa = PBXFileReference; fileEncoding = 4; lastKnownFileType = sourcecode.c.h; path = HTTPMessage.h; sourceTree = "<group>"; };
		99F864DC18A9D01100952004 /* HTTPMessage.m */ = {isa = PBXFileReference; fileEncoding = 4; lastKnownFileType = sourcecode.c.objc; path = HTTPMessage.m; sourceTree = "<group>"; };
		99F864DD18A9D01100952004 /* HTTPResponse.h */ = {isa = PBXFileReference; fileEncoding = 4; lastKnownFileType = sourcecode.c.h; path = HTTPResponse.h; sourceTree = "<group>"; };
		99F864DE18A9D01100952004 /* HTTPServer.h */ = {isa = PBXFileReference; fileEncoding = 4; lastKnownFileType = sourcecode.c.h; path = HTTPServer.h; sourceTree = "<group>"; };
		99F864DF18A9D01100952004 /* HTTPServer.m */ = {isa = PBXFileReference; fileEncoding = 4; lastKnownFileType = sourcecode.c.objc; path = HTTPServer.m; sourceTree = "<group>"; };
		99F864E118A9D01100952004 /* MultipartFormDataParser.h */ = {isa = PBXFileReference; fileEncoding = 4; lastKnownFileType = sourcecode.c.h; path = MultipartFormDataParser.h; sourceTree = "<group>"; };
		99F864E218A9D01100952004 /* MultipartFormDataParser.m */ = {isa = PBXFileReference; fileEncoding = 4; lastKnownFileType = sourcecode.c.objc; path = MultipartFormDataParser.m; sourceTree = "<group>"; };
		99F864E318A9D01100952004 /* MultipartMessageHeader.h */ = {isa = PBXFileReference; fileEncoding = 4; lastKnownFileType = sourcecode.c.h; path = MultipartMessageHeader.h; sourceTree = "<group>"; };
		99F864E418A9D01100952004 /* MultipartMessageHeader.m */ = {isa = PBXFileReference; fileEncoding = 4; lastKnownFileType = sourcecode.c.objc; path = MultipartMessageHeader.m; sourceTree = "<group>"; };
		99F864E518A9D01100952004 /* MultipartMessageHeaderField.h */ = {isa = PBXFileReference; fileEncoding = 4; lastKnownFileType = sourcecode.c.h; path = MultipartMessageHeaderField.h; sourceTree = "<group>"; };
		99F864E618A9D01100952004 /* MultipartMessageHeaderField.m */ = {isa = PBXFileReference; fileEncoding = 4; lastKnownFileType = sourcecode.c.objc; path = MultipartMessageHeaderField.m; sourceTree = "<group>"; };
		99F864E818A9D01100952004 /* HTTPAsyncFileResponse.h */ = {isa = PBXFileReference; fileEncoding = 4; lastKnownFileType = sourcecode.c.h; path = HTTPAsyncFileResponse.h; sourceTree = "<group>"; };
		99F864E918A9D01100952004 /* HTTPAsyncFileResponse.m */ = {isa = PBXFileReference; fileEncoding = 4; lastKnownFileType = sourcecode.c.objc; path = HTTPAsyncFileResponse.m; sourceTree = "<group>"; };
		99F864EA18A9D01100952004 /* HTTPDataResponse.h */ = {isa = PBXFileReference; fileEncoding = 4; lastKnownFileType = sourcecode.c.h; path = HTTPDataResponse.h; sourceTree = "<group>"; };
		99F864EB18A9D01100952004 /* HTTPDataResponse.m */ = {isa = PBXFileReference; fileEncoding = 4; lastKnownFileType = sourcecode.c.objc; path = HTTPDataResponse.m; sourceTree = "<group>"; };
		99F864EC18A9D01100952004 /* HTTPDynamicFileResponse.h */ = {isa = PBXFileReference; fileEncoding = 4; lastKnownFileType = sourcecode.c.h; path = HTTPDynamicFileResponse.h; sourceTree = "<group>"; };
		99F864ED18A9D01100952004 /* HTTPDynamicFileResponse.m */ = {isa = PBXFileReference; fileEncoding = 4; lastKnownFileType = sourcecode.c.objc; path = HTTPDynamicFileResponse.m; sourceTree = "<group>"; };
		99F864EE18A9D01100952004 /* HTTPErrorResponse.h */ = {isa = PBXFileReference; fileEncoding = 4; lastKnownFileType = sourcecode.c.h; path = HTTPErrorResponse.h; sourceTree = "<group>"; };
		99F864EF18A9D01100952004 /* HTTPErrorResponse.m */ = {isa = PBXFileReference; fileEncoding = 4; lastKnownFileType = sourcecode.c.objc; path = HTTPErrorResponse.m; sourceTree = "<group>"; };
		99F864F018A9D01100952004 /* HTTPFileResponse.h */ = {isa = PBXFileReference; fileEncoding = 4; lastKnownFileType = sourcecode.c.h; path = HTTPFileResponse.h; sourceTree = "<group>"; };
		99F864F118A9D01100952004 /* HTTPFileResponse.m */ = {isa = PBXFileReference; fileEncoding = 4; lastKnownFileType = sourcecode.c.objc; path = HTTPFileResponse.m; sourceTree = "<group>"; };
		99F864F218A9D01100952004 /* HTTPRedirectResponse.h */ = {isa = PBXFileReference; fileEncoding = 4; lastKnownFileType = sourcecode.c.h; path = HTTPRedirectResponse.h; sourceTree = "<group>"; };
		99F864F318A9D01100952004 /* HTTPRedirectResponse.m */ = {isa = PBXFileReference; fileEncoding = 4; lastKnownFileType = sourcecode.c.objc; path = HTTPRedirectResponse.m; sourceTree = "<group>"; };
		99F864F418A9D01100952004 /* WebSocket.h */ = {isa = PBXFileReference; fileEncoding = 4; lastKnownFileType = sourcecode.c.h; path = WebSocket.h; sourceTree = "<group>"; };
		99F864F518A9D01100952004 /* WebSocket.m */ = {isa = PBXFileReference; fileEncoding = 4; lastKnownFileType = sourcecode.c.objc; path = WebSocket.m; sourceTree = "<group>"; };
		99F8650918A9D16C00952004 /* DDAbstractDatabaseLogger.h */ = {isa = PBXFileReference; fileEncoding = 4; lastKnownFileType = sourcecode.c.h; path = DDAbstractDatabaseLogger.h; sourceTree = "<group>"; };
		99F8650A18A9D16C00952004 /* DDAbstractDatabaseLogger.m */ = {isa = PBXFileReference; fileEncoding = 4; lastKnownFileType = sourcecode.c.objc; path = DDAbstractDatabaseLogger.m; sourceTree = "<group>"; };
		99F8650B18A9D16C00952004 /* DDASLLogger.h */ = {isa = PBXFileReference; fileEncoding = 4; lastKnownFileType = sourcecode.c.h; path = DDASLLogger.h; sourceTree = "<group>"; };
		99F8650C18A9D16C00952004 /* DDASLLogger.m */ = {isa = PBXFileReference; fileEncoding = 4; lastKnownFileType = sourcecode.c.objc; path = DDASLLogger.m; sourceTree = "<group>"; };
		99F8650D18A9D16C00952004 /* DDFileLogger.h */ = {isa = PBXFileReference; fileEncoding = 4; lastKnownFileType = sourcecode.c.h; path = DDFileLogger.h; sourceTree = "<group>"; };
		99F8650E18A9D16C00952004 /* DDFileLogger.m */ = {isa = PBXFileReference; fileEncoding = 4; lastKnownFileType = sourcecode.c.objc; path = DDFileLogger.m; sourceTree = "<group>"; };
		99F8650F18A9D16C00952004 /* DDLog.h */ = {isa = PBXFileReference; fileEncoding = 4; lastKnownFileType = sourcecode.c.h; path = DDLog.h; sourceTree = "<group>"; };
		99F8651018A9D16C00952004 /* DDLog.m */ = {isa = PBXFileReference; fileEncoding = 4; lastKnownFileType = sourcecode.c.objc; path = DDLog.m; sourceTree = "<group>"; };
		99F8651118A9D16C00952004 /* DDTTYLogger.h */ = {isa = PBXFileReference; fileEncoding = 4; lastKnownFileType = sourcecode.c.h; path = DDTTYLogger.h; sourceTree = "<group>"; };
		99F8651218A9D16C00952004 /* DDTTYLogger.m */ = {isa = PBXFileReference; fileEncoding = 4; lastKnownFileType = sourcecode.c.objc; path = DDTTYLogger.m; sourceTree = "<group>"; };
		99F8651418A9D16C00952004 /* ContextFilterLogFormatter.h */ = {isa = PBXFileReference; fileEncoding = 4; lastKnownFileType = sourcecode.c.h; path = ContextFilterLogFormatter.h; sourceTree = "<group>"; };
		99F8651518A9D16C00952004 /* ContextFilterLogFormatter.m */ = {isa = PBXFileReference; fileEncoding = 4; lastKnownFileType = sourcecode.c.objc; path = ContextFilterLogFormatter.m; sourceTree = "<group>"; };
		99F8651618A9D16C00952004 /* DispatchQueueLogFormatter.h */ = {isa = PBXFileReference; fileEncoding = 4; lastKnownFileType = sourcecode.c.h; path = DispatchQueueLogFormatter.h; sourceTree = "<group>"; };
		99F8651718A9D16C00952004 /* DispatchQueueLogFormatter.m */ = {isa = PBXFileReference; fileEncoding = 4; lastKnownFileType = sourcecode.c.objc; path = DispatchQueueLogFormatter.m; sourceTree = "<group>"; };
		99F8651818A9D16C00952004 /* README.txt */ = {isa = PBXFileReference; fileEncoding = 4; lastKnownFileType = text; path = README.txt; sourceTree = "<group>"; };
		99F8652218A9D17100952004 /* GCDAsyncSocket.h */ = {isa = PBXFileReference; fileEncoding = 4; lastKnownFileType = sourcecode.c.h; path = GCDAsyncSocket.h; sourceTree = "<group>"; };
		99F8652318A9D17100952004 /* GCDAsyncSocket.m */ = {isa = PBXFileReference; fileEncoding = 4; lastKnownFileType = sourcecode.c.objc; path = GCDAsyncSocket.m; sourceTree = "<group>"; };
		99FC209318D67285006ADEB2 /* SettingsTableVC.h */ = {isa = PBXFileReference; fileEncoding = 4; lastKnownFileType = sourcecode.c.h; path = SettingsTableVC.h; sourceTree = "<group>"; };
		99FC209418D67285006ADEB2 /* SettingsTableVC.m */ = {isa = PBXFileReference; fileEncoding = 4; lastKnownFileType = sourcecode.c.objc; path = SettingsTableVC.m; sourceTree = "<group>"; };
/* End PBXFileReference section */

/* Begin PBXFrameworksBuildPhase section */
		991382C318A74638009862EA /* Frameworks */ = {
			isa = PBXFrameworksBuildPhase;
			buildActionMask = 2147483647;
			files = (
				9913830018A74749009862EA /* AVFoundation.framework in Frameworks */,
				991382FE18A7473B009862EA /* GoogleCast.framework in Frameworks */,
				991382CC18A74639009862EA /* CoreGraphics.framework in Frameworks */,
				991382CE18A74639009862EA /* UIKit.framework in Frameworks */,
				991382CA18A74639009862EA /* Foundation.framework in Frameworks */,
			);
			runOnlyForDeploymentPostprocessing = 0;
		};
		991382DE18A74639009862EA /* Frameworks */ = {
			isa = PBXFrameworksBuildPhase;
			buildActionMask = 2147483647;
			files = (
				991382E318A74639009862EA /* XCTest.framework in Frameworks */,
				991382E518A74639009862EA /* UIKit.framework in Frameworks */,
				991382E418A74639009862EA /* Foundation.framework in Frameworks */,
			);
			runOnlyForDeploymentPostprocessing = 0;
		};
/* End PBXFrameworksBuildPhase section */

/* Begin PBXGroup section */
		9902003218A93E080039AFCC /* Cast_Icons */ = {
			isa = PBXGroup;
			children = (
				9902003318A93E080039AFCC /* icon-cast-connected.png */,
				9902003418A93E080039AFCC /* icon-cast-connected@2x.png */,
				9902003518A93E080039AFCC /* icon-cast-identified.png */,
				9902003618A93E080039AFCC /* icon-cast-identified@2x.png */,
			);
			path = Cast_Icons;
			sourceTree = SOURCE_ROOT;
		};
		9902F80F18D380DD00C4DE07 /* Slideshow Cast */ = {
			isa = PBXGroup;
			children = (
				996CCD0D18B45F96007E5548 /* MainMenu.h */,
				996CCD0E18B45F96007E5548 /* MainMenu.m */,
				992044AA18B696C5005748DA /* SlideshowMain.h */,
				992044AB18B696C5005748DA /* SlideshowMain.m */,
				9929E89D18B6F08E0078749E /* PlaySlideshow.h */,
				9929E89E18B6F08E0078749E /* PlaySlideshow.m */,
				99A3AB6318C0DA2C003E3F2B /* SettingsVC.h */,
				99A3AB6418C0DA2C003E3F2B /* SettingsVC.m */,
				99FC209318D67285006ADEB2 /* SettingsTableVC.h */,
				99FC209418D67285006ADEB2 /* SettingsTableVC.m */,
			);
			name = "Slideshow Cast";
			sourceTree = "<group>";
		};
		991382BD18A74638009862EA = {
			isa = PBXGroup;
			children = (
				991382CF18A74639009862EA /* PictureCast */,
				991382E818A74639009862EA /* PictureCastTests */,
				991382EE18A74639009862EA /* PictureCastTests.m */,
				991382C818A74639009862EA /* Frameworks */,
				991382C718A74639009862EA /* Products */,
				991382FD18A7473B009862EA /* GoogleCast.framework */,
			);
			sourceTree = "<group>";
		};
		991382C718A74639009862EA /* Products */ = {
			isa = PBXGroup;
			children = (
				991382C618A74639009862EA /* MediaCast.app */,
				991382E118A74639009862EA /* MediaCastTests.xctest */,
			);
			name = Products;
			sourceTree = "<group>";
		};
		991382C818A74639009862EA /* Frameworks */ = {
			isa = PBXGroup;
			children = (
				998DEDA718DF592200CD1719 /* libcommonCrypto.dylib */,
				991382FF18A74749009862EA /* AVFoundation.framework */,
				991382C918A74639009862EA /* Foundation.framework */,
				991382CB18A74639009862EA /* CoreGraphics.framework */,
				991382CD18A74639009862EA /* UIKit.framework */,
				991382E218A74639009862EA /* XCTest.framework */,
			);
			name = Frameworks;
			sourceTree = "<group>";
		};
		991382CF18A74639009862EA /* PictureCast */ = {
			isa = PBXGroup;
			children = (
				9932D89E18E11D330061A90E /* Library */,
				9987E57318D25FE9001E4601 /* Images */,
				9902003218A93E080039AFCC /* Cast_Icons */,
				991382D818A74639009862EA /* AppDelegate.h */,
				991382D918A74639009862EA /* AppDelegate.m */,
				991382DB18A74639009862EA /* Images.xcassets */,
				991382D018A74639009862EA /* Supporting Files */,
				991382F818A7464E009862EA /* Storyboard.storyboard */,
				9987E56F18D25D5B001E4601 /* Picture Cast */,
				9902F80F18D380DD00C4DE07 /* Slideshow Cast */,
				998DEDA018DF4A0400CD1719 /* Join Slideshow */,
				998DEDA918DF69B800CD1719 /* CBAlertView.h */,
				998DEDAA18DF69B800CD1719 /* CBAlertView.m */,
				9937249918B3D9D900733A89 /* pictureOps.h */,
				9937249A18B3D9D900733A89 /* pictureOps.m */,
				9932D8A318E12C990061A90E /* RearMenu.h */,
				9932D8A418E12C990061A90E /* RearMenu.m */,
				9932D8A618E12F730061A90E /* Home.h */,
				9932D8A718E12F730061A90E /* Home.m */,
			);
			path = PictureCast;
			sourceTree = "<group>";
		};
		991382D018A74639009862EA /* Supporting Files */ = {
			isa = PBXGroup;
			children = (
				991382D118A74639009862EA /* MediaCast-Info.plist */,
				991382D218A74639009862EA /* InfoPlist.strings */,
				991382D518A74639009862EA /* main.m */,
				991382D718A74639009862EA /* MediaCast-Prefix.pch */,
			);
			name = "Supporting Files";
			sourceTree = "<group>";
		};
		991382E818A74639009862EA /* PictureCastTests */ = {
			isa = PBXGroup;
			children = (
				991382E918A74639009862EA /* Supporting Files */,
			);
			path = PictureCastTests;
			sourceTree = SOURCE_ROOT;
		};
		991382E918A74639009862EA /* Supporting Files */ = {
			isa = PBXGroup;
			children = (
				991382EA18A74639009862EA /* MediaCastTests-Info.plist */,
				991382EB18A74639009862EA /* InfoPlist.strings */,
			);
			name = "Supporting Files";
			sourceTree = "<group>";
		};
		9920448D18B69310005748DA /* ELCImagePicker */ = {
			isa = PBXGroup;
			children = (
				9920448E18B69310005748DA /* ELCAlbumPickerController.h */,
				9920448F18B69310005748DA /* ELCAlbumPickerController.m */,
				9920449018B69310005748DA /* ELCAsset.h */,
				9920449118B69310005748DA /* ELCAsset.m */,
				9920449218B69310005748DA /* ELCAssetCell.h */,
				9920449318B69310005748DA /* ELCAssetCell.m */,
				9920449418B69310005748DA /* ELCAssetPickerFilterDelegate.h */,
				9920449518B69310005748DA /* ELCAssetSelectionDelegate.h */,
				9920449618B69310005748DA /* ELCAssetTablePicker.h */,
				9920449718B69310005748DA /* ELCAssetTablePicker.m */,
				9920449818B69310005748DA /* ELCImagePickerController.h */,
				9920449918B69310005748DA /* ELCImagePickerController.m */,
				9920449A18B69310005748DA /* Resources */,
			);
			path = ELCImagePicker;
			sourceTree = "<group>";
		};
		9920449A18B69310005748DA /* Resources */ = {
			isa = PBXGroup;
			children = (
				9920449B18B69310005748DA /* ELCAlbumPickerController.xib */,
				9920449C18B69310005748DA /* ELCAssetPicker.xib */,
				9920449D18B69310005748DA /* ELCAssetTablePicker.xib */,
				9920449E18B69310005748DA /* Overlay.png */,
				9920449F18B69310005748DA /* Overlay@2x.png */,
			);
			path = Resources;
			sourceTree = "<group>";
		};
		9932D89E18E11D330061A90E /* Library */ = {
			isa = PBXGroup;
			children = (
				9932D89F18E11D4E0061A90E /* SWRevealViewController */,
				99F864CE18A9D01100952004 /* CocoaHTTPServerCore */,
				9920448D18B69310005748DA /* ELCImagePicker */,
			);
			name = Library;
			sourceTree = "<group>";
		};
		9932D89F18E11D4E0061A90E /* SWRevealViewController */ = {
			isa = PBXGroup;
			children = (
				9932D8A018E11D7D0061A90E /* SWRevealViewController.h */,
				9932D8A118E11D7D0061A90E /* SWRevealViewController.m */,
			);
			name = SWRevealViewController;
			sourceTree = "<group>";
		};
		9987E56F18D25D5B001E4601 /* Picture Cast */ = {
			isa = PBXGroup;
			children = (
				991382FA18A746BC009862EA /* PictureCast.h */,
				991382FB18A746BC009862EA /* PictureCast.m */,
				9987E56C18D25D4E001E4601 /* BrushSettings.h */,
				9987E56D18D25D4E001E4601 /* BrushSettings.m */,
			);
			name = "Picture Cast";
			sourceTree = "<group>";
		};
		9987E57318D25FE9001E4601 /* Images */ = {
			isa = PBXGroup;
			children = (
				9932D8AC18E156D40061A90E /* reveal-icon.png */,
				9932D8AD18E156D40061A90E /* reveal-icon@2x.png */,
				9987E57A18D2603E001E4601 /* Black.png */,
				9987E57418D25FE9001E4601 /* Blue.png */,
				9987E57518D25FE9001E4601 /* Green.png */,
				9987E57618D25FE9001E4601 /* Red.png */,
			);
			path = Images;
			sourceTree = SOURCE_ROOT;
		};
		998DEDA018DF4A0400CD1719 /* Join Slideshow */ = {
			isa = PBXGroup;
			children = (
				998DEDA118DF4A2600CD1719 /* joinSlideshow.h */,
				998DEDA218DF4A2600CD1719 /* joinSlideshow.m */,
				998DEDA418DF4C9D00CD1719 /* User.h */,
				998DEDA518DF4C9D00CD1719 /* User.m */,
				998DEDAC18DFC50000CD1719 /* PeerSlideshow.h */,
				998DEDAD18DFC50000CD1719 /* PeerSlideshow.m */,
			);
			name = "Join Slideshow";
			sourceTree = "<group>";
		};
		99F864CE18A9D01100952004 /* CocoaHTTPServerCore */ = {
			isa = PBXGroup;
			children = (
				99F8652118A9D17100952004 /* TCP */,
				99F8650818A9D16C00952004 /* Logging */,
				99F8650718A9D02000952004 /* HTTP */,
				99F864E018A9D01100952004 /* Mime */,
			);
			path = CocoaHTTPServerCore;
			sourceTree = "<group>";
		};
		99F864CF18A9D01100952004 /* Categories */ = {
			isa = PBXGroup;
			children = (
				99F864D018A9D01100952004 /* DDData.h */,
				99F864D118A9D01100952004 /* DDData.m */,
				99F864D218A9D01100952004 /* DDNumber.h */,
				99F864D318A9D01100952004 /* DDNumber.m */,
				99F864D418A9D01100952004 /* DDRange.h */,
				99F864D518A9D01100952004 /* DDRange.m */,
			);
			path = Categories;
			sourceTree = "<group>";
		};
		99F864E018A9D01100952004 /* Mime */ = {
			isa = PBXGroup;
			children = (
				99F864E118A9D01100952004 /* MultipartFormDataParser.h */,
				99F864E218A9D01100952004 /* MultipartFormDataParser.m */,
				99F864E318A9D01100952004 /* MultipartMessageHeader.h */,
				99F864E418A9D01100952004 /* MultipartMessageHeader.m */,
				99F864E518A9D01100952004 /* MultipartMessageHeaderField.h */,
				99F864E618A9D01100952004 /* MultipartMessageHeaderField.m */,
			);
			path = Mime;
			sourceTree = "<group>";
		};
		99F864E718A9D01100952004 /* Responses */ = {
			isa = PBXGroup;
			children = (
				99F864E818A9D01100952004 /* HTTPAsyncFileResponse.h */,
				99F864E918A9D01100952004 /* HTTPAsyncFileResponse.m */,
				99F864EA18A9D01100952004 /* HTTPDataResponse.h */,
				99F864EB18A9D01100952004 /* HTTPDataResponse.m */,
				99F864EC18A9D01100952004 /* HTTPDynamicFileResponse.h */,
				99F864ED18A9D01100952004 /* HTTPDynamicFileResponse.m */,
				99F864EE18A9D01100952004 /* HTTPErrorResponse.h */,
				99F864EF18A9D01100952004 /* HTTPErrorResponse.m */,
				99F864F018A9D01100952004 /* HTTPFileResponse.h */,
				99F864F118A9D01100952004 /* HTTPFileResponse.m */,
				99F864F218A9D01100952004 /* HTTPRedirectResponse.h */,
				99F864F318A9D01100952004 /* HTTPRedirectResponse.m */,
			);
			path = Responses;
			sourceTree = "<group>";
		};
		99F8650718A9D02000952004 /* HTTP */ = {
			isa = PBXGroup;
			children = (
				99F864DA18A9D01100952004 /* HTTPLogging.h */,
				99F864D618A9D01100952004 /* HTTPAuthenticationRequest.h */,
				99F864D718A9D01100952004 /* HTTPAuthenticationRequest.m */,
				99F864DE18A9D01100952004 /* HTTPServer.h */,
				99F864DF18A9D01100952004 /* HTTPServer.m */,
				99F864D818A9D01100952004 /* HTTPConnection.h */,
				99F864D918A9D01100952004 /* HTTPConnection.m */,
				99F864DB18A9D01100952004 /* HTTPMessage.h */,
				99F864DC18A9D01100952004 /* HTTPMessage.m */,
				99F864DD18A9D01100952004 /* HTTPResponse.h */,
				99F864F418A9D01100952004 /* WebSocket.h */,
				99F864F518A9D01100952004 /* WebSocket.m */,
				99F864E718A9D01100952004 /* Responses */,
				99F864CF18A9D01100952004 /* Categories */,
			);
			name = HTTP;
			sourceTree = "<group>";
		};
		99F8650818A9D16C00952004 /* Logging */ = {
			isa = PBXGroup;
			children = (
				99F8650918A9D16C00952004 /* DDAbstractDatabaseLogger.h */,
				99F8650A18A9D16C00952004 /* DDAbstractDatabaseLogger.m */,
				99F8650B18A9D16C00952004 /* DDASLLogger.h */,
				99F8650C18A9D16C00952004 /* DDASLLogger.m */,
				99F8650D18A9D16C00952004 /* DDFileLogger.h */,
				99F8650E18A9D16C00952004 /* DDFileLogger.m */,
				99F8650F18A9D16C00952004 /* DDLog.h */,
				99F8651018A9D16C00952004 /* DDLog.m */,
				99F8651118A9D16C00952004 /* DDTTYLogger.h */,
				99F8651218A9D16C00952004 /* DDTTYLogger.m */,
				99F8651318A9D16C00952004 /* Extensions */,
			);
			path = Logging;
			sourceTree = "<group>";
		};
		99F8651318A9D16C00952004 /* Extensions */ = {
			isa = PBXGroup;
			children = (
				99F8651418A9D16C00952004 /* ContextFilterLogFormatter.h */,
				99F8651518A9D16C00952004 /* ContextFilterLogFormatter.m */,
				99F8651618A9D16C00952004 /* DispatchQueueLogFormatter.h */,
				99F8651718A9D16C00952004 /* DispatchQueueLogFormatter.m */,
				99F8651818A9D16C00952004 /* README.txt */,
			);
			path = Extensions;
			sourceTree = "<group>";
		};
		99F8652118A9D17100952004 /* TCP */ = {
			isa = PBXGroup;
			children = (
				99F8652218A9D17100952004 /* GCDAsyncSocket.h */,
				99F8652318A9D17100952004 /* GCDAsyncSocket.m */,
			);
			path = TCP;
			sourceTree = "<group>";
		};
/* End PBXGroup section */

/* Begin PBXNativeTarget section */
		991382C518A74638009862EA /* MediaCast */ = {
			isa = PBXNativeTarget;
			buildConfigurationList = 991382F218A74639009862EA /* Build configuration list for PBXNativeTarget "MediaCast" */;
			buildPhases = (
				991382C218A74638009862EA /* Sources */,
				991382C318A74638009862EA /* Frameworks */,
				991382C418A74638009862EA /* Resources */,
			);
			buildRules = (
			);
			dependencies = (
			);
			name = MediaCast;
			productName = PictureCast;
			productReference = 991382C618A74639009862EA /* MediaCast.app */;
			productType = "com.apple.product-type.application";
		};
		991382E018A74639009862EA /* MediaCastTests */ = {
			isa = PBXNativeTarget;
			buildConfigurationList = 991382F518A74639009862EA /* Build configuration list for PBXNativeTarget "MediaCastTests" */;
			buildPhases = (
				991382DD18A74639009862EA /* Sources */,
				991382DE18A74639009862EA /* Frameworks */,
				991382DF18A74639009862EA /* Resources */,
			);
			buildRules = (
			);
			dependencies = (
				991382E718A74639009862EA /* PBXTargetDependency */,
			);
			name = MediaCastTests;
			productName = PictureCastTests;
			productReference = 991382E118A74639009862EA /* MediaCastTests.xctest */;
			productType = "com.apple.product-type.bundle.unit-test";
		};
/* End PBXNativeTarget section */

/* Begin PBXProject section */
		991382BE18A74638009862EA /* Project object */ = {
			isa = PBXProject;
			attributes = {
				LastUpgradeCheck = 0510;
				ORGANIZATIONNAME = "EECS 441";
				TargetAttributes = {
					991382E018A74639009862EA = {
						TestTargetID = 991382C518A74638009862EA;
					};
				};
			};
			buildConfigurationList = 991382C118A74638009862EA /* Build configuration list for PBXProject "MediaCast" */;
			compatibilityVersion = "Xcode 3.2";
			developmentRegion = English;
			hasScannedForEncodings = 0;
			knownRegions = (
				en,
			);
			mainGroup = 991382BD18A74638009862EA;
			productRefGroup = 991382C718A74639009862EA /* Products */;
			projectDirPath = "";
			projectRoot = "";
			targets = (
				991382C518A74638009862EA /* MediaCast */,
				991382E018A74639009862EA /* MediaCastTests */,
			);
		};
/* End PBXProject section */

/* Begin PBXResourcesBuildPhase section */
		991382C418A74638009862EA /* Resources */ = {
			isa = PBXResourcesBuildPhase;
			buildActionMask = 2147483647;
			files = (
				992044A618B69310005748DA /* ELCAssetPicker.xib in Resources */,
				992044A518B69310005748DA /* ELCAlbumPickerController.xib in Resources */,
				991382D418A74639009862EA /* InfoPlist.strings in Resources */,
				99F8652018A9D16C00952004 /* README.txt in Resources */,
				991382DC18A74639009862EA /* Images.xcassets in Resources */,
				9932D8AE18E156D40061A90E /* reveal-icon.png in Resources */,
				992044A918B69310005748DA /* Overlay@2x.png in Resources */,
				9902003918A93E080039AFCC /* icon-cast-identified.png in Resources */,
				992044A718B69310005748DA /* ELCAssetTablePicker.xib in Resources */,
				991382F918A7464E009862EA /* Storyboard.storyboard in Resources */,
				9987E57B18D2603E001E4601 /* Black.png in Resources */,
				9987E57918D25FE9001E4601 /* Red.png in Resources */,
				9902003A18A93E080039AFCC /* icon-cast-identified@2x.png in Resources */,
				992044A818B69310005748DA /* Overlay.png in Resources */,
				9987E57718D25FE9001E4601 /* Blue.png in Resources */,
				9987E57818D25FE9001E4601 /* Green.png in Resources */,
				9932D8AF18E156D40061A90E /* reveal-icon@2x.png in Resources */,
				9902003818A93E080039AFCC /* icon-cast-connected@2x.png in Resources */,
				9902003718A93E080039AFCC /* icon-cast-connected.png in Resources */,
			);
			runOnlyForDeploymentPostprocessing = 0;
		};
		991382DF18A74639009862EA /* Resources */ = {
			isa = PBXResourcesBuildPhase;
			buildActionMask = 2147483647;
			files = (
				991382ED18A74639009862EA /* InfoPlist.strings in Resources */,
			);
			runOnlyForDeploymentPostprocessing = 0;
		};
/* End PBXResourcesBuildPhase section */

/* Begin PBXSourcesBuildPhase section */
		991382C218A74638009862EA /* Sources */ = {
			isa = PBXSourcesBuildPhase;
			buildActionMask = 2147483647;
			files = (
				99F8650518A9D01100952004 /* HTTPRedirectResponse.m in Sources */,
				99A3AB6518C0DA2C003E3F2B /* SettingsVC.m in Sources */,
				99F8650618A9D01100952004 /* WebSocket.m in Sources */,
				99F8651B18A9D16C00952004 /* DDFileLogger.m in Sources */,
				991382DA18A74639009862EA /* AppDelegate.m in Sources */,
				99F864FF18A9D01100952004 /* MultipartMessageHeaderField.m in Sources */,
				99F864FB18A9D01100952004 /* HTTPMessage.m in Sources */,
				992044A018B69310005748DA /* ELCAlbumPickerController.m in Sources */,
				998DEDA618DF4C9D00CD1719 /* User.m in Sources */,
				99F8650018A9D01100952004 /* HTTPAsyncFileResponse.m in Sources */,
				99F8650418A9D01100952004 /* HTTPFileResponse.m in Sources */,
				99F864FD18A9D01100952004 /* MultipartFormDataParser.m in Sources */,
				99F8651E18A9D16C00952004 /* ContextFilterLogFormatter.m in Sources */,
				99F864FE18A9D01100952004 /* MultipartMessageHeader.m in Sources */,
				992044A418B69310005748DA /* ELCImagePickerController.m in Sources */,
				99F864F618A9D01100952004 /* DDData.m in Sources */,
				99F8652418A9D17100952004 /* GCDAsyncSocket.m in Sources */,
				99F8651D18A9D16C00952004 /* DDTTYLogger.m in Sources */,
				9932D8A518E12C990061A90E /* RearMenu.m in Sources */,
				991382FC18A746BC009862EA /* PictureCast.m in Sources */,
				9937249B18B3D9D900733A89 /* pictureOps.m in Sources */,
				992044A218B69310005748DA /* ELCAssetCell.m in Sources */,
				99F8651C18A9D16C00952004 /* DDLog.m in Sources */,
				99F8651918A9D16C00952004 /* DDAbstractDatabaseLogger.m in Sources */,
				99F8650318A9D01100952004 /* HTTPErrorResponse.m in Sources */,
				99F8650218A9D01100952004 /* HTTPDynamicFileResponse.m in Sources */,
				99F8651A18A9D16C00952004 /* DDASLLogger.m in Sources */,
				99F8650118A9D01100952004 /* HTTPDataResponse.m in Sources */,
				9987E56E18D25D4E001E4601 /* BrushSettings.m in Sources */,
				9932D8A818E12F730061A90E /* Home.m in Sources */,
				99F864FC18A9D01100952004 /* HTTPServer.m in Sources */,
				99F864FA18A9D01100952004 /* HTTPConnection.m in Sources */,
				992044A118B69310005748DA /* ELCAsset.m in Sources */,
				99FC209518D67285006ADEB2 /* SettingsTableVC.m in Sources */,
				9932D8A218E11D7D0061A90E /* SWRevealViewController.m in Sources */,
				99F8651F18A9D16C00952004 /* DispatchQueueLogFormatter.m in Sources */,
				998DEDA318DF4A2600CD1719 /* joinSlideshow.m in Sources */,
				998DEDAB18DF69B800CD1719 /* CBAlertView.m in Sources */,
				992044A318B69310005748DA /* ELCAssetTablePicker.m in Sources */,
				998DEDAE18DFC50000CD1719 /* PeerSlideshow.m in Sources */,
				99F864F918A9D01100952004 /* HTTPAuthenticationRequest.m in Sources */,
				99F864F818A9D01100952004 /* DDRange.m in Sources */,
				99F864F718A9D01100952004 /* DDNumber.m in Sources */,
				9929E89F18B6F08E0078749E /* PlaySlideshow.m in Sources */,
				992044AC18B696C5005748DA /* SlideshowMain.m in Sources */,
				991382D618A74639009862EA /* main.m in Sources */,
				996CCD0F18B45F96007E5548 /* MainMenu.m in Sources */,
			);
			runOnlyForDeploymentPostprocessing = 0;
		};
		991382DD18A74639009862EA /* Sources */ = {
			isa = PBXSourcesBuildPhase;
			buildActionMask = 2147483647;
			files = (
				991382EF18A74639009862EA /* PictureCastTests.m in Sources */,
			);
			runOnlyForDeploymentPostprocessing = 0;
		};
/* End PBXSourcesBuildPhase section */

/* Begin PBXTargetDependency section */
		991382E718A74639009862EA /* PBXTargetDependency */ = {
			isa = PBXTargetDependency;
			target = 991382C518A74638009862EA /* MediaCast */;
			targetProxy = 991382E618A74639009862EA /* PBXContainerItemProxy */;
		};
/* End PBXTargetDependency section */

/* Begin PBXVariantGroup section */
		991382D218A74639009862EA /* InfoPlist.strings */ = {
			isa = PBXVariantGroup;
			children = (
				991382D318A74639009862EA /* en */,
			);
			name = InfoPlist.strings;
			sourceTree = "<group>";
		};
		991382EB18A74639009862EA /* InfoPlist.strings */ = {
			isa = PBXVariantGroup;
			children = (
				991382EC18A74639009862EA /* en */,
			);
			name = InfoPlist.strings;
			sourceTree = "<group>";
		};
/* End PBXVariantGroup section */

/* Begin XCBuildConfiguration section */
		991382F018A74639009862EA /* Debug */ = {
			isa = XCBuildConfiguration;
			buildSettings = {
				ALWAYS_SEARCH_USER_PATHS = NO;
				CLANG_CXX_LANGUAGE_STANDARD = "gnu++0x";
				CLANG_CXX_LIBRARY = "libc++";
				CLANG_ENABLE_MODULES = YES;
				CLANG_ENABLE_OBJC_ARC = YES;
				CLANG_WARN_BOOL_CONVERSION = YES;
				CLANG_WARN_CONSTANT_CONVERSION = YES;
				CLANG_WARN_DIRECT_OBJC_ISA_USAGE = YES_ERROR;
				CLANG_WARN_EMPTY_BODY = YES;
				CLANG_WARN_ENUM_CONVERSION = YES;
				CLANG_WARN_INT_CONVERSION = YES;
				CLANG_WARN_OBJC_ROOT_CLASS = YES_ERROR;
				CLANG_WARN__DUPLICATE_METHOD_MATCH = YES;
				"CODE_SIGN_IDENTITY[sdk=iphoneos*]" = "iPhone Developer";
				COPY_PHASE_STRIP = NO;
				GCC_C_LANGUAGE_STANDARD = gnu99;
				GCC_DYNAMIC_NO_PIC = NO;
				GCC_OPTIMIZATION_LEVEL = 0;
				GCC_PREPROCESSOR_DEFINITIONS = (
					"DEBUG=1",
					"$(inherited)",
				);
				GCC_SYMBOLS_PRIVATE_EXTERN = NO;
				GCC_WARN_64_TO_32_BIT_CONVERSION = YES;
				GCC_WARN_ABOUT_RETURN_TYPE = YES_ERROR;
				GCC_WARN_UNDECLARED_SELECTOR = YES;
				GCC_WARN_UNINITIALIZED_AUTOS = YES;
				GCC_WARN_UNUSED_FUNCTION = YES;
				GCC_WARN_UNUSED_VARIABLE = YES;
				IPHONEOS_DEPLOYMENT_TARGET = 7.0;
				ONLY_ACTIVE_ARCH = YES;
				SDKROOT = iphoneos;
			};
			name = Debug;
		};
		991382F118A74639009862EA /* Release */ = {
			isa = XCBuildConfiguration;
			buildSettings = {
				ALWAYS_SEARCH_USER_PATHS = NO;
				CLANG_CXX_LANGUAGE_STANDARD = "gnu++0x";
				CLANG_CXX_LIBRARY = "libc++";
				CLANG_ENABLE_MODULES = YES;
				CLANG_ENABLE_OBJC_ARC = YES;
				CLANG_WARN_BOOL_CONVERSION = YES;
				CLANG_WARN_CONSTANT_CONVERSION = YES;
				CLANG_WARN_DIRECT_OBJC_ISA_USAGE = YES_ERROR;
				CLANG_WARN_EMPTY_BODY = YES;
				CLANG_WARN_ENUM_CONVERSION = YES;
				CLANG_WARN_INT_CONVERSION = YES;
				CLANG_WARN_OBJC_ROOT_CLASS = YES_ERROR;
				CLANG_WARN__DUPLICATE_METHOD_MATCH = YES;
				"CODE_SIGN_IDENTITY[sdk=iphoneos*]" = "iPhone Developer";
				COPY_PHASE_STRIP = YES;
				ENABLE_NS_ASSERTIONS = NO;
				GCC_C_LANGUAGE_STANDARD = gnu99;
				GCC_WARN_64_TO_32_BIT_CONVERSION = YES;
				GCC_WARN_ABOUT_RETURN_TYPE = YES_ERROR;
				GCC_WARN_UNDECLARED_SELECTOR = YES;
				GCC_WARN_UNINITIALIZED_AUTOS = YES;
				GCC_WARN_UNUSED_FUNCTION = YES;
				GCC_WARN_UNUSED_VARIABLE = YES;
				IPHONEOS_DEPLOYMENT_TARGET = 7.0;
				SDKROOT = iphoneos;
				VALIDATE_PRODUCT = YES;
			};
			name = Release;
		};
		991382F318A74639009862EA /* Debug */ = {
			isa = XCBuildConfiguration;
			buildSettings = {
				ASSETCATALOG_COMPILER_APPICON_NAME = AppIcon;
				ASSETCATALOG_COMPILER_LAUNCHIMAGE_NAME = LaunchImage;
				FRAMEWORK_SEARCH_PATHS = (
					"$(inherited)",
					/Users/evanhsu3/Documents/eecs441/PictureCast,
				);
				GCC_PRECOMPILE_PREFIX_HEADER = YES;
				GCC_PREFIX_HEADER = "PictureCast/MediaCast-Prefix.pch";
				INFOPLIST_FILE = "PictureCast/MediaCast-Info.plist";
				LIBRARY_SEARCH_PATHS = (
					"$(inherited)",
					"$(SDKROOT)/usr/lib/system",
				);
				OTHER_LDFLAGS = "-ObjC";
				PRODUCT_NAME = MediaCast;
				WRAPPER_EXTENSION = app;
			};
			name = Debug;
		};
		991382F418A74639009862EA /* Release */ = {
			isa = XCBuildConfiguration;
			buildSettings = {
				ASSETCATALOG_COMPILER_APPICON_NAME = AppIcon;
				ASSETCATALOG_COMPILER_LAUNCHIMAGE_NAME = LaunchImage;
				FRAMEWORK_SEARCH_PATHS = (
					"$(inherited)",
					/Users/evanhsu3/Documents/eecs441/PictureCast,
				);
				GCC_PRECOMPILE_PREFIX_HEADER = YES;
				GCC_PREFIX_HEADER = "PictureCast/MediaCast-Prefix.pch";
				INFOPLIST_FILE = "PictureCast/MediaCast-Info.plist";
				LIBRARY_SEARCH_PATHS = (
					"$(inherited)",
					"$(SDKROOT)/usr/lib/system",
				);
				OTHER_LDFLAGS = "-ObjC";
				PRODUCT_NAME = MediaCast;
				WRAPPER_EXTENSION = app;
			};
			name = Release;
		};
		991382F618A74639009862EA /* Debug */ = {
			isa = XCBuildConfiguration;
			buildSettings = {
				BUNDLE_LOADER = "$(BUILT_PRODUCTS_DIR)/PictureCast.app/PictureCast";
				FRAMEWORK_SEARCH_PATHS = (
					"$(SDKROOT)/Developer/Library/Frameworks",
					"$(inherited)",
					"$(DEVELOPER_FRAMEWORKS_DIR)",
				);
				GCC_PRECOMPILE_PREFIX_HEADER = YES;
				GCC_PREFIX_HEADER = "PictureCast/PictureCast-Prefix.pch";
				GCC_PREPROCESSOR_DEFINITIONS = (
					"DEBUG=1",
					"$(inherited)",
				);
				INFOPLIST_FILE = "PictureCastTests/MediaCastTests-Info.plist";
				PRODUCT_NAME = MediaCastTests;
				TEST_HOST = "$(BUNDLE_LOADER)";
				WRAPPER_EXTENSION = xctest;
			};
			name = Debug;
		};
		991382F718A74639009862EA /* Release */ = {
			isa = XCBuildConfiguration;
			buildSettings = {
				BUNDLE_LOADER = "$(BUILT_PRODUCTS_DIR)/PictureCast.app/PictureCast";
				FRAMEWORK_SEARCH_PATHS = (
					"$(SDKROOT)/Developer/Library/Frameworks",
					"$(inherited)",
					"$(DEVELOPER_FRAMEWORKS_DIR)",
				);
				GCC_PRECOMPILE_PREFIX_HEADER = YES;
				GCC_PREFIX_HEADER = "PictureCast/PictureCast-Prefix.pch";
				INFOPLIST_FILE = "PictureCastTests/MediaCastTests-Info.plist";
				PRODUCT_NAME = MediaCastTests;
				TEST_HOST = "$(BUNDLE_LOADER)";
				WRAPPER_EXTENSION = xctest;
			};
			name = Release;
		};
/* End XCBuildConfiguration section */

/* Begin XCConfigurationList section */
		991382C118A74638009862EA /* Build configuration list for PBXProject "MediaCast" */ = {
			isa = XCConfigurationList;
			buildConfigurations = (
				991382F018A74639009862EA /* Debug */,
				991382F118A74639009862EA /* Release */,
			);
			defaultConfigurationIsVisible = 0;
			defaultConfigurationName = Release;
		};
		991382F218A74639009862EA /* Build configuration list for PBXNativeTarget "MediaCast" */ = {
			isa = XCConfigurationList;
			buildConfigurations = (
				991382F318A74639009862EA /* Debug */,
				991382F418A74639009862EA /* Release */,
			);
			defaultConfigurationIsVisible = 0;
			defaultConfigurationName = Release;
		};
		991382F518A74639009862EA /* Build configuration list for PBXNativeTarget "MediaCastTests" */ = {
			isa = XCConfigurationList;
			buildConfigurations = (
				991382F618A74639009862EA /* Debug */,
				991382F718A74639009862EA /* Release */,
			);
			defaultConfigurationIsVisible = 0;
			defaultConfigurationName = Release;
		};
/* End XCConfigurationList section */
	};
	rootObject = 991382BE18A74638009862EA /* Project object */;
}
